
Microsoft Visual Studio Solution File, Format Version 12.00
# Visual Studio Version 17
VisualStudioVersion = 17.3.32901.215
MinimumVisualStudioVersion = 10.0.40219.1
Project("{2150E333-8FDC-42A3-9474-1A3956D46DE8}") = "src", "src", "{119E01D3-3E5F-4CFD-A7A2-03850550CA89}"
EndProject
Project("{9A19103F-16F7-4668-BE54-9A1E7A4F7556}") = "TechFlurry.Blazor.MVVM", "TechFlurry.Blazor.MVVM\TechFlurry.Blazor.MVVM.csproj", "{3145F7A4-DB87-470E-824B-5C079406B774}"
EndProject
Project("{2150E333-8FDC-42A3-9474-1A3956D46DE8}") = "tests", "tests", "{A2EFBFFC-F962-4508-ADA9-2F72FC24D1D1}"
EndProject
Project("{FAE04EC0-301F-11D3-BF4B-00C04F79EFBC}") = "Blazor.MVVM.Tests", "Blazor.MVVM.Tests\Blazor.MVVM.Tests.csproj", "{2F81E82C-36A5-436C-B3E2-F593DD108CAC}"
EndProject
Global
	GlobalSection(SolutionConfigurationPlatforms) = preSolution
		Debug|Any CPU = Debug|Any CPU
		Release|Any CPU = Release|Any CPU
	EndGlobalSection
	GlobalSection(ProjectConfigurationPlatforms) = postSolution
		{3145F7A4-DB87-470E-824B-5C079406B774}.Debug|Any CPU.ActiveCfg = Debug|Any CPU
		{3145F7A4-DB87-470E-824B-5C079406B774}.Debug|Any CPU.Build.0 = Debug|Any CPU
		{3145F7A4-DB87-470E-824B-5C079406B774}.Release|Any CPU.ActiveCfg = Release|Any CPU
		{3145F7A4-DB87-470E-824B-5C079406B774}.Release|Any CPU.Build.0 = Release|Any CPU
		{2F81E82C-36A5-436C-B3E2-F593DD108CAC}.Debug|Any CPU.ActiveCfg = Debug|Any CPU
		{2F81E82C-36A5-436C-B3E2-F593DD108CAC}.Debug|Any CPU.Build.0 = Debug|Any CPU
		{2F81E82C-36A5-436C-B3E2-F593DD108CAC}.Release|Any CPU.ActiveCfg = Release|Any CPU
		{2F81E82C-36A5-436C-B3E2-F593DD108CAC}.Release|Any CPU.Build.0 = Release|Any CPU
	EndGlobalSection
	GlobalSection(SolutionProperties) = preSolution
		HideSolutionNode = FALSE
	EndGlobalSection
	GlobalSection(NestedProjects) = preSolution
		{3145F7A4-DB87-470E-824B-5C079406B774} = {119E01D3-3E5F-4CFD-A7A2-03850550CA89}
		{2F81E82C-36A5-436C-B3E2-F593DD108CAC} = {A2EFBFFC-F962-4508-ADA9-2F72FC24D1D1}
	EndGlobalSection
	GlobalSection(ExtensibilityGlobals) = postSolution
		SolutionGuid = {CD15DC77-AD82-4F5B-9E76-9E89049C028F}
	EndGlobalSection
EndGlobal
